
Microsoft Visual Studio Solution File, Format Version 12.00
# Visual Studio Version 16
VisualStudioVersion = 16.0.29509.3
MinimumVisualStudioVersion = 10.0.40219.1
Project("{FAE04EC0-301F-11D3-BF4B-00C04F79EFBC}") = "productServices", "productServices\productServices.csproj", "{446E992B-F813-4422-A1D6-E71236642D41}"
EndProject
Global
	GlobalSection(SolutionConfigurationPlatforms) = preSolution
		Debug|Any CPU = Debug|Any CPU
		Release|Any CPU = Release|Any CPU
	EndGlobalSection
	GlobalSection(ProjectConfigurationPlatforms) = postSolution
		{446E992B-F813-4422-A1D6-E71236642D41}.Debug|Any CPU.ActiveCfg = Debug|Any CPU
		{446E992B-F813-4422-A1D6-E71236642D41}.Debug|Any CPU.Build.0 = Debug|Any CPU
		{446E992B-F813-4422-A1D6-E71236642D41}.Release|Any CPU.ActiveCfg = Release|Any CPU
		{446E992B-F813-4422-A1D6-E71236642D41}.Release|Any CPU.Build.0 = Release|Any CPU
	EndGlobalSection
	GlobalSection(SolutionProperties) = preSolution
		HideSolutionNode = FALSE
	EndGlobalSection
	GlobalSection(ExtensibilityGlobals) = postSolution
		SolutionGuid = {672DE70A-4211-44FE-85ED-5C46511E5BD3}
	EndGlobalSection
EndGlobal
