
Microsoft Visual Studio Solution File, Format Version 12.00
# Visual Studio Version 16
VisualStudioVersion = 16.0.29519.87
MinimumVisualStudioVersion = 10.0.40219.1
Project("{FAE04EC0-301F-11D3-BF4B-00C04F79EFBC}") = "reviewServices", "reviewServices\reviewServices.csproj", "{88980B81-0E2E-45E6-9D7C-2C4D338DD4A7}"
EndProject
Global
	GlobalSection(SolutionConfigurationPlatforms) = preSolution
		Debug|Any CPU = Debug|Any CPU
		Release|Any CPU = Release|Any CPU
	EndGlobalSection
	GlobalSection(ProjectConfigurationPlatforms) = postSolution
		{88980B81-0E2E-45E6-9D7C-2C4D338DD4A7}.Debug|Any CPU.ActiveCfg = Debug|Any CPU
		{88980B81-0E2E-45E6-9D7C-2C4D338DD4A7}.Debug|Any CPU.Build.0 = Debug|Any CPU
		{88980B81-0E2E-45E6-9D7C-2C4D338DD4A7}.Release|Any CPU.ActiveCfg = Release|Any CPU
		{88980B81-0E2E-45E6-9D7C-2C4D338DD4A7}.Release|Any CPU.Build.0 = Release|Any CPU
	EndGlobalSection
	GlobalSection(SolutionProperties) = preSolution
		HideSolutionNode = FALSE
	EndGlobalSection
	GlobalSection(ExtensibilityGlobals) = postSolution
		SolutionGuid = {712F5B59-7FBC-423E-AC91-41301CD7D379}
	EndGlobalSection
EndGlobal
