
Microsoft Visual Studio Solution File, Format Version 12.00
# Visual Studio Version 16
VisualStudioVersion = 16.0.29519.87
MinimumVisualStudioVersion = 10.0.40219.1
Project("{FAE04EC0-301F-11D3-BF4B-00C04F79EFBC}") = "mallServices", "mallServices\mallServices.csproj", "{924EC6C3-561F-4C8D-8436-497C1845414C}"
EndProject
Global
	GlobalSection(SolutionConfigurationPlatforms) = preSolution
		Debug|Any CPU = Debug|Any CPU
		Release|Any CPU = Release|Any CPU
	EndGlobalSection
	GlobalSection(ProjectConfigurationPlatforms) = postSolution
		{924EC6C3-561F-4C8D-8436-497C1845414C}.Debug|Any CPU.ActiveCfg = Debug|Any CPU
		{924EC6C3-561F-4C8D-8436-497C1845414C}.Debug|Any CPU.Build.0 = Debug|Any CPU
		{924EC6C3-561F-4C8D-8436-497C1845414C}.Release|Any CPU.ActiveCfg = Release|Any CPU
		{924EC6C3-561F-4C8D-8436-497C1845414C}.Release|Any CPU.Build.0 = Release|Any CPU
	EndGlobalSection
	GlobalSection(SolutionProperties) = preSolution
		HideSolutionNode = FALSE
	EndGlobalSection
	GlobalSection(ExtensibilityGlobals) = postSolution
		SolutionGuid = {4B98DC94-EF8D-46DD-989D-320C9AA6590C}
	EndGlobalSection
EndGlobal
